
Microsoft Visual Studio Solution File, Format Version 12.00
# Visual Studio 15
VisualStudioVersion = 15.0.28010.2026
MinimumVisualStudioVersion = 10.0.40219.1
Project("{888888A0-9F3D-457C-B088-3A5042F75D52}") = "try", "try\try.pyproj", "{E6054231-D5B3-4DAC-B1CC-A1F195880E4B}"
EndProject
Global
	GlobalSection(SolutionConfigurationPlatforms) = preSolution
		Debug|Any CPU = Debug|Any CPU
		Release|Any CPU = Release|Any CPU
	EndGlobalSection
	GlobalSection(ProjectConfigurationPlatforms) = postSolution
		{E6054231-D5B3-4DAC-B1CC-A1F195880E4B}.Debug|Any CPU.ActiveCfg = Debug|Any CPU
		{E6054231-D5B3-4DAC-B1CC-A1F195880E4B}.Release|Any CPU.ActiveCfg = Release|Any CPU
	EndGlobalSection
	GlobalSection(SolutionProperties) = preSolution
		HideSolutionNode = FALSE
	EndGlobalSection
	GlobalSection(ExtensibilityGlobals) = postSolution
		SolutionGuid = {528A94A9-1818-42AF-8067-B28F46554F51}
	EndGlobalSection
EndGlobal
