
Microsoft Visual Studio Solution File, Format Version 12.00
# Visual Studio 15
VisualStudioVersion = 15.0.28010.2026
MinimumVisualStudioVersion = 10.0.40219.1
Project("{888888A0-9F3D-457C-B088-3A5042F75D52}") = "read_ipcc", "read_ipcc\read_ipcc.pyproj", "{B0FF9D37-9820-4E3B-BD34-A55D3DDDCBEC}"
EndProject
Global
	GlobalSection(SolutionConfigurationPlatforms) = preSolution
		Debug|Any CPU = Debug|Any CPU
		Release|Any CPU = Release|Any CPU
	EndGlobalSection
	GlobalSection(ProjectConfigurationPlatforms) = postSolution
		{B0FF9D37-9820-4E3B-BD34-A55D3DDDCBEC}.Debug|Any CPU.ActiveCfg = Debug|Any CPU
		{B0FF9D37-9820-4E3B-BD34-A55D3DDDCBEC}.Release|Any CPU.ActiveCfg = Release|Any CPU
	EndGlobalSection
	GlobalSection(SolutionProperties) = preSolution
		HideSolutionNode = FALSE
	EndGlobalSection
	GlobalSection(ExtensibilityGlobals) = postSolution
		SolutionGuid = {ACA70064-60B1-459F-B955-660283806479}
	EndGlobalSection
EndGlobal
