
Microsoft Visual Studio Solution File, Format Version 12.00
# Visual Studio 15
VisualStudioVersion = 15.0.28307.271
MinimumVisualStudioVersion = 10.0.40219.1
Project("{888888A0-9F3D-457C-B088-3A5042F75D52}") = "significanceIMF", "significanceIMF\significanceIMF.pyproj", "{57F2BE95-38B1-4409-8D06-68D2FF228466}"
EndProject
Global
	GlobalSection(SolutionConfigurationPlatforms) = preSolution
		Debug|Any CPU = Debug|Any CPU
		Release|Any CPU = Release|Any CPU
	EndGlobalSection
	GlobalSection(ProjectConfigurationPlatforms) = postSolution
		{57F2BE95-38B1-4409-8D06-68D2FF228466}.Debug|Any CPU.ActiveCfg = Debug|Any CPU
		{57F2BE95-38B1-4409-8D06-68D2FF228466}.Release|Any CPU.ActiveCfg = Release|Any CPU
	EndGlobalSection
	GlobalSection(SolutionProperties) = preSolution
		HideSolutionNode = FALSE
	EndGlobalSection
	GlobalSection(ExtensibilityGlobals) = postSolution
		SolutionGuid = {1574DD1D-53F4-4B1D-A648-1D16C55B48E8}
	EndGlobalSection
EndGlobal
